# This file is autogenerated, do not edit; changes may be undone by the next 'dep ensure'.


[[projects]]
  branch = "master"
  name = "github.com/dutchcoders/go-clamd"
  packages = ["."]
  revision = "b970184f4d9e88ff402581ec3dd3b9d074cfb90c"

[solve-meta]
  analyzer-name = "dep"
  analyzer-version = 1
  inputs-digest = "6d565002a9a2af555327a35b973166b0b4d3cc082fa045bd3917e34205a70a05"
  solver-name = "gps-cdcl"
  solver-version = 1
